
Microsoft Visual Studio Solution File, Format Version 12.00
# Visual Studio Version 17
VisualStudioVersion = 17.11.35222.181
MinimumVisualStudioVersion = 10.0.40219.1
Project("{FAE04EC0-301F-11D3-BF4B-00C04F79EFBC}") = "Reversi", "Reversi\Reversi.csproj", "{712FB2C6-62C0-4821-BCA8-21E2658044FF}"
EndProject
Global
	GlobalSection(SolutionConfigurationPlatforms) = preSolution
		Debug|Any CPU = Debug|Any CPU
		Release|Any CPU = Release|Any CPU
	EndGlobalSection
	GlobalSection(ProjectConfigurationPlatforms) = postSolution
		{712FB2C6-62C0-4821-BCA8-21E2658044FF}.Debug|Any CPU.ActiveCfg = Debug|Any CPU
		{712FB2C6-62C0-4821-BCA8-21E2658044FF}.Debug|Any CPU.Build.0 = Debug|Any CPU
		{712FB2C6-62C0-4821-BCA8-21E2658044FF}.Release|Any CPU.ActiveCfg = Release|Any CPU
		{712FB2C6-62C0-4821-BCA8-21E2658044FF}.Release|Any CPU.Build.0 = Release|Any CPU
	EndGlobalSection
	GlobalSection(SolutionProperties) = preSolution
		HideSolutionNode = FALSE
	EndGlobalSection
	GlobalSection(ExtensibilityGlobals) = postSolution
		SolutionGuid = {BAA87DA1-29DA-40A9-9412-E81B1739BE4B}
	EndGlobalSection
EndGlobal
